
Microsoft Visual Studio Solution File, Format Version 12.00
# Visual Studio Version 16
VisualStudioVersion = 16.0.31729.503
MinimumVisualStudioVersion = 10.0.40219.1
Project("{FAE04EC0-301F-11D3-BF4B-00C04F79EFBC}") = "AsyncSocketClient", "AsyncSocketClient.csproj", "{CFCFFC19-9B4D-4904-8EC8-584792DEFED5}"
EndProject
Project("{9A19103F-16F7-4668-BE54-9A1E7A4F7556}") = "AsyncSocketClass", "..\SocketServerClass\AsyncSocketClass.csproj", "{7E56A513-291E-4BC4-B09C-2E70F3546757}"
EndProject
Global
	GlobalSection(SolutionConfigurationPlatforms) = preSolution
		Debug|Any CPU = Debug|Any CPU
		Release|Any CPU = Release|Any CPU
	EndGlobalSection
	GlobalSection(ProjectConfigurationPlatforms) = postSolution
		{CFCFFC19-9B4D-4904-8EC8-584792DEFED5}.Debug|Any CPU.ActiveCfg = Debug|Any CPU
		{CFCFFC19-9B4D-4904-8EC8-584792DEFED5}.Debug|Any CPU.Build.0 = Debug|Any CPU
		{CFCFFC19-9B4D-4904-8EC8-584792DEFED5}.Release|Any CPU.ActiveCfg = Release|Any CPU
		{CFCFFC19-9B4D-4904-8EC8-584792DEFED5}.Release|Any CPU.Build.0 = Release|Any CPU
		{7E56A513-291E-4BC4-B09C-2E70F3546757}.Debug|Any CPU.ActiveCfg = Debug|Any CPU
		{7E56A513-291E-4BC4-B09C-2E70F3546757}.Debug|Any CPU.Build.0 = Debug|Any CPU
		{7E56A513-291E-4BC4-B09C-2E70F3546757}.Release|Any CPU.ActiveCfg = Release|Any CPU
		{7E56A513-291E-4BC4-B09C-2E70F3546757}.Release|Any CPU.Build.0 = Release|Any CPU
	EndGlobalSection
	GlobalSection(SolutionProperties) = preSolution
		HideSolutionNode = FALSE
	EndGlobalSection
	GlobalSection(ExtensibilityGlobals) = postSolution
		SolutionGuid = {8D659F18-C092-438D-92E4-AECEB7039D14}
	EndGlobalSection
EndGlobal
